// !$*UTF8*$!
{
	archiveVersion = 1;
	classes = {
	};
	objectVersion = 56;
	objects = {

/* Begin PBXBuildFile section */
		95456B942BE2AC0900113B8A /* ArcadiaCore.docc in Sources */ = {isa = PBXBuildFile; fileRef = 95456B932BE2AC0900113B8A /* ArcadiaCore.docc */; };
		95456B9A2BE2AC0A00113B8A /* ArcadiaCore.framework in Frameworks */ = {isa = PBXBuildFile; fileRef = 95456B8F2BE2AC0900113B8A /* ArcadiaCore.framework */; };
		95456B9F2BE2AC0A00113B8A /* iRetroCoreTests.swift in Sources */ = {isa = PBXBuildFile; fileRef = 95456B9E2BE2AC0A00113B8A /* iRetroCoreTests.swift */; };
		95456BA02BE2AC0A00113B8A /* ArcadiaCore.h in Headers */ = {isa = PBXBuildFile; fileRef = 95456B922BE2AC0900113B8A /* ArcadiaCore.h */; settings = {ATTRIBUTES = (Public, ); }; };
		95456C3D2BE2B4F100113B8A /* ArcadiaCoreProtocol.swift in Sources */ = {isa = PBXBuildFile; fileRef = 95456C3C2BE2B4F100113B8A /* ArcadiaCoreProtocol.swift */; };
		955CB0052BF53B4B00C930ED /* libretro.h in Headers */ = {isa = PBXBuildFile; fileRef = 955CB0042BF53B4B00C930ED /* libretro.h */; settings = {ATTRIBUTES = (Public, ); }; };
		955CB0072BF53DD500C930ED /* libretro.cpp in Sources */ = {isa = PBXBuildFile; fileRef = 955CB0062BF53DD500C930ED /* libretro.cpp */; };
		955CB0092BF733AC00C930ED /* iRetroCore.h in Headers */ = {isa = PBXBuildFile; fileRef = 955CB0082BF733A800C930ED /* iRetroCore.h */; settings = {ATTRIBUTES = (Public, ); }; };
		955CC37E2BF7E4AC00C930ED /* ArcadiaCoreOption.swift in Sources */ = {isa = PBXBuildFile; fileRef = 955CC37D2BF7E4AC00C930ED /* ArcadiaCoreOption.swift */; };
		955CC3802BF7E4C900C930ED /* ArcadiaCallbackType.swift in Sources */ = {isa = PBXBuildFile; fileRef = 955CC37F2BF7E4C900C930ED /* ArcadiaCallbackType.swift */; };
		955CC3862BF7F61600C930ED /* ArcadiaCoreMemoryType.swift in Sources */ = {isa = PBXBuildFile; fileRef = 955CC3852BF7F61600C930ED /* ArcadiaCoreMemoryType.swift */; };
		955CC3962BF916A600C930ED /* ArcadiaGameTypeProtocol.swift in Sources */ = {isa = PBXBuildFile; fileRef = 955CC3952BF916A600C930ED /* ArcadiaGameTypeProtocol.swift */; };
		956F84142BF3392C0025FC5F /* ArcadiaCoreEmulationState.swift in Sources */ = {isa = PBXBuildFile; fileRef = 956F84132BF3392C0025FC5F /* ArcadiaCoreEmulationState.swift */; };
		956F84172BF3BEB80025FC5F /* ArcadiaGameGeometryProtocol.swift in Sources */ = {isa = PBXBuildFile; fileRef = 956F84162BF3BEB80025FC5F /* ArcadiaGameGeometryProtocol.swift */; };
		956F84192BF3BECE0025FC5F /* ArcadiaSystemTimingProtocol.swift in Sources */ = {isa = PBXBuildFile; fileRef = 956F84182BF3BECE0025FC5F /* ArcadiaSystemTimingProtocol.swift */; };
		956F841B2BF3BEEA0025FC5F /* ArcadiaAudioVideoInfoProtocol.swift in Sources */ = {isa = PBXBuildFile; fileRef = 956F841A2BF3BEEA0025FC5F /* ArcadiaAudioVideoInfoProtocol.swift */; };
		956F841D2BF3BF020025FC5F /* ArcadiaGameInfoProtocol.swift in Sources */ = {isa = PBXBuildFile; fileRef = 956F841C2BF3BF020025FC5F /* ArcadiaGameInfoProtocol.swift */; };
		956F84202BF3BF420025FC5F /* ArcadiaCorePixelType.swift in Sources */ = {isa = PBXBuildFile; fileRef = 956F841F2BF3BF420025FC5F /* ArcadiaCorePixelType.swift */; };
		956F84222BF3BF5C0025FC5F /* ArcadiaCoreButton.swift in Sources */ = {isa = PBXBuildFile; fileRef = 956F84212BF3BF5C0025FC5F /* ArcadiaCoreButton.swift */; };
		956F84252BF3C01A0025FC5F /* ArcadiaAudioVideoInfo.swift in Sources */ = {isa = PBXBuildFile; fileRef = 956F84242BF3C01A0025FC5F /* ArcadiaAudioVideoInfo.swift */; };
/* End PBXBuildFile section */

/* Begin PBXContainerItemProxy section */
		95456B9B2BE2AC0A00113B8A /* PBXContainerItemProxy */ = {
			isa = PBXContainerItemProxy;
			containerPortal = 95456B862BE2AC0900113B8A /* Project object */;
			proxyType = 1;
			remoteGlobalIDString = 95456B8E2BE2AC0900113B8A;
			remoteInfo = iRetroCore;
		};
/* End PBXContainerItemProxy section */

/* Begin PBXFileReference section */
		95456B8F2BE2AC0900113B8A /* ArcadiaCore.framework */ = {isa = PBXFileReference; explicitFileType = wrapper.framework; includeInIndex = 0; path = ArcadiaCore.framework; sourceTree = BUILT_PRODUCTS_DIR; };
		95456B922BE2AC0900113B8A /* ArcadiaCore.h */ = {isa = PBXFileReference; lastKnownFileType = sourcecode.c.h; path = ArcadiaCore.h; sourceTree = "<group>"; };
		95456B932BE2AC0900113B8A /* ArcadiaCore.docc */ = {isa = PBXFileReference; lastKnownFileType = folder.documentationcatalog; path = ArcadiaCore.docc; sourceTree = "<group>"; };
		95456B992BE2AC0A00113B8A /* ArcadiaCoreTests.xctest */ = {isa = PBXFileReference; explicitFileType = wrapper.cfbundle; includeInIndex = 0; path = ArcadiaCoreTests.xctest; sourceTree = BUILT_PRODUCTS_DIR; };
		95456B9E2BE2AC0A00113B8A /* iRetroCoreTests.swift */ = {isa = PBXFileReference; lastKnownFileType = sourcecode.swift; path = iRetroCoreTests.swift; sourceTree = "<group>"; };
		95456C3C2BE2B4F100113B8A /* ArcadiaCoreProtocol.swift */ = {isa = PBXFileReference; lastKnownFileType = sourcecode.swift; path = ArcadiaCoreProtocol.swift; sourceTree = "<group>"; };
		955CB0042BF53B4B00C930ED /* libretro.h */ = {isa = PBXFileReference; lastKnownFileType = sourcecode.c.h; path = libretro.h; sourceTree = "<group>"; };
		955CB0062BF53DD500C930ED /* libretro.cpp */ = {isa = PBXFileReference; lastKnownFileType = sourcecode.cpp.cpp; path = libretro.cpp; sourceTree = "<group>"; };
		955CB0082BF733A800C930ED /* iRetroCore.h */ = {isa = PBXFileReference; lastKnownFileType = sourcecode.c.h; path = iRetroCore.h; sourceTree = "<group>"; };
		955CC37D2BF7E4AC00C930ED /* ArcadiaCoreOption.swift */ = {isa = PBXFileReference; lastKnownFileType = sourcecode.swift; path = ArcadiaCoreOption.swift; sourceTree = "<group>"; };
		955CC37F2BF7E4C900C930ED /* ArcadiaCallbackType.swift */ = {isa = PBXFileReference; lastKnownFileType = sourcecode.swift; path = ArcadiaCallbackType.swift; sourceTree = "<group>"; };
		955CC3852BF7F61600C930ED /* ArcadiaCoreMemoryType.swift */ = {isa = PBXFileReference; lastKnownFileType = sourcecode.swift; path = ArcadiaCoreMemoryType.swift; sourceTree = "<group>"; };
		955CC3952BF916A600C930ED /* ArcadiaGameTypeProtocol.swift */ = {isa = PBXFileReference; lastKnownFileType = sourcecode.swift; path = ArcadiaGameTypeProtocol.swift; sourceTree = "<group>"; };
		956F84132BF3392C0025FC5F /* ArcadiaCoreEmulationState.swift */ = {isa = PBXFileReference; lastKnownFileType = sourcecode.swift; path = ArcadiaCoreEmulationState.swift; sourceTree = "<group>"; };
		956F84162BF3BEB80025FC5F /* ArcadiaGameGeometryProtocol.swift */ = {isa = PBXFileReference; lastKnownFileType = sourcecode.swift; path = ArcadiaGameGeometryProtocol.swift; sourceTree = "<group>"; };
		956F84182BF3BECE0025FC5F /* ArcadiaSystemTimingProtocol.swift */ = {isa = PBXFileReference; lastKnownFileType = sourcecode.swift; path = ArcadiaSystemTimingProtocol.swift; sourceTree = "<group>"; };
		956F841A2BF3BEEA0025FC5F /* ArcadiaAudioVideoInfoProtocol.swift */ = {isa = PBXFileReference; lastKnownFileType = sourcecode.swift; path = ArcadiaAudioVideoInfoProtocol.swift; sourceTree = "<group>"; };
		956F841C2BF3BF020025FC5F /* ArcadiaGameInfoProtocol.swift */ = {isa = PBXFileReference; lastKnownFileType = sourcecode.swift; path = ArcadiaGameInfoProtocol.swift; sourceTree = "<group>"; };
		956F841F2BF3BF420025FC5F /* ArcadiaCorePixelType.swift */ = {isa = PBXFileReference; lastKnownFileType = sourcecode.swift; path = ArcadiaCorePixelType.swift; sourceTree = "<group>"; };
		956F84212BF3BF5C0025FC5F /* ArcadiaCoreButton.swift */ = {isa = PBXFileReference; lastKnownFileType = sourcecode.swift; path = ArcadiaCoreButton.swift; sourceTree = "<group>"; };
		956F84242BF3C01A0025FC5F /* ArcadiaAudioVideoInfo.swift */ = {isa = PBXFileReference; lastKnownFileType = sourcecode.swift; path = ArcadiaAudioVideoInfo.swift; sourceTree = "<group>"; };
/* End PBXFileReference section */

/* Begin PBXFrameworksBuildPhase section */
		95456B8C2BE2AC0900113B8A /* Frameworks */ = {
			isa = PBXFrameworksBuildPhase;
			buildActionMask = 2147483647;
			files = (
			);
			runOnlyForDeploymentPostprocessing = 0;
		};
		95456B962BE2AC0A00113B8A /* Frameworks */ = {
			isa = PBXFrameworksBuildPhase;
			buildActionMask = 2147483647;
			files = (
				95456B9A2BE2AC0A00113B8A /* ArcadiaCore.framework in Frameworks */,
			);
			runOnlyForDeploymentPostprocessing = 0;
		};
/* End PBXFrameworksBuildPhase section */

/* Begin PBXGroup section */
		95456B852BE2AC0900113B8A = {
			isa = PBXGroup;
			children = (
				95456B912BE2AC0900113B8A /* ArcadiaCore */,
				95456B9D2BE2AC0A00113B8A /* ArcadiaCoreTests */,
				95456B902BE2AC0900113B8A /* Products */,
			);
			sourceTree = "<group>";
		};
		95456B902BE2AC0900113B8A /* Products */ = {
			isa = PBXGroup;
			children = (
				95456B8F2BE2AC0900113B8A /* ArcadiaCore.framework */,
				95456B992BE2AC0A00113B8A /* ArcadiaCoreTests.xctest */,
			);
			name = Products;
			sourceTree = "<group>";
		};
		95456B912BE2AC0900113B8A /* ArcadiaCore */ = {
			isa = PBXGroup;
			children = (
				956F84232BF3BFAA0025FC5F /* Models */,
				956F841E2BF3BF340025FC5F /* Enums */,
				956F84152BF3BE940025FC5F /* Protocols */,
				95456B922BE2AC0900113B8A /* ArcadiaCore.h */,
				95456B932BE2AC0900113B8A /* ArcadiaCore.docc */,
				956F84132BF3392C0025FC5F /* ArcadiaCoreEmulationState.swift */,
				955CB0042BF53B4B00C930ED /* libretro.h */,
				955CB0062BF53DD500C930ED /* libretro.cpp */,
				955CB0082BF733A800C930ED /* iRetroCore.h */,
			);
			path = ArcadiaCore;
			sourceTree = "<group>";
		};
		95456B9D2BE2AC0A00113B8A /* ArcadiaCoreTests */ = {
			isa = PBXGroup;
			children = (
				95456B9E2BE2AC0A00113B8A /* iRetroCoreTests.swift */,
			);
			path = ArcadiaCoreTests;
			sourceTree = "<group>";
		};
		956F84152BF3BE940025FC5F /* Protocols */ = {
			isa = PBXGroup;
			children = (
				95456C3C2BE2B4F100113B8A /* ArcadiaCoreProtocol.swift */,
				956F841C2BF3BF020025FC5F /* ArcadiaGameInfoProtocol.swift */,
				956F84162BF3BEB80025FC5F /* ArcadiaGameGeometryProtocol.swift */,
				956F84182BF3BECE0025FC5F /* ArcadiaSystemTimingProtocol.swift */,
				956F841A2BF3BEEA0025FC5F /* ArcadiaAudioVideoInfoProtocol.swift */,
				955CC3952BF916A600C930ED /* ArcadiaGameTypeProtocol.swift */,
			);
			path = Protocols;
			sourceTree = "<group>";
		};
		956F841E2BF3BF340025FC5F /* Enums */ = {
			isa = PBXGroup;
			children = (
				956F841F2BF3BF420025FC5F /* ArcadiaCorePixelType.swift */,
				956F84212BF3BF5C0025FC5F /* ArcadiaCoreButton.swift */,
				955CC37F2BF7E4C900C930ED /* ArcadiaCallbackType.swift */,
				955CC3852BF7F61600C930ED /* ArcadiaCoreMemoryType.swift */,
			);
			path = Enums;
			sourceTree = "<group>";
		};
		956F84232BF3BFAA0025FC5F /* Models */ = {
			isa = PBXGroup;
			children = (
				956F84242BF3C01A0025FC5F /* ArcadiaAudioVideoInfo.swift */,
				955CC37D2BF7E4AC00C930ED /* ArcadiaCoreOption.swift */,
			);
			path = Models;
			sourceTree = "<group>";
		};
/* End PBXGroup section */

/* Begin PBXHeadersBuildPhase section */
		95456B8A2BE2AC0900113B8A /* Headers */ = {
			isa = PBXHeadersBuildPhase;
			buildActionMask = 2147483647;
			files = (
				955CB0092BF733AC00C930ED /* iRetroCore.h in Headers */,
				95456BA02BE2AC0A00113B8A /* ArcadiaCore.h in Headers */,
				955CB0052BF53B4B00C930ED /* libretro.h in Headers */,
			);
			runOnlyForDeploymentPostprocessing = 0;
		};
/* End PBXHeadersBuildPhase section */

/* Begin PBXNativeTarget section */
		95456B8E2BE2AC0900113B8A /* ArcadiaCore */ = {
			isa = PBXNativeTarget;
			buildConfigurationList = 95456BA32BE2AC0A00113B8A /* Build configuration list for PBXNativeTarget "ArcadiaCore" */;
			buildPhases = (
				95456B8A2BE2AC0900113B8A /* Headers */,
				95456B8B2BE2AC0900113B8A /* Sources */,
				95456B8C2BE2AC0900113B8A /* Frameworks */,
				95456B8D2BE2AC0900113B8A /* Resources */,
			);
			buildRules = (
			);
			dependencies = (
			);
			name = ArcadiaCore;
			productName = iRetroCore;
			productReference = 95456B8F2BE2AC0900113B8A /* ArcadiaCore.framework */;
			productType = "com.apple.product-type.framework";
		};
		95456B982BE2AC0A00113B8A /* ArcadiaCoreTests */ = {
			isa = PBXNativeTarget;
			buildConfigurationList = 95456BA62BE2AC0A00113B8A /* Build configuration list for PBXNativeTarget "ArcadiaCoreTests" */;
			buildPhases = (
				95456B952BE2AC0A00113B8A /* Sources */,
				95456B962BE2AC0A00113B8A /* Frameworks */,
				95456B972BE2AC0A00113B8A /* Resources */,
			);
			buildRules = (
			);
			dependencies = (
				95456B9C2BE2AC0A00113B8A /* PBXTargetDependency */,
			);
			name = ArcadiaCoreTests;
			productName = iRetroCoreTests;
			productReference = 95456B992BE2AC0A00113B8A /* ArcadiaCoreTests.xctest */;
			productType = "com.apple.product-type.bundle.unit-test";
		};
/* End PBXNativeTarget section */

/* Begin PBXProject section */
		95456B862BE2AC0900113B8A /* Project object */ = {
			isa = PBXProject;
			attributes = {
				BuildIndependentTargetsInParallel = 1;
				LastSwiftUpdateCheck = 1530;
				LastUpgradeCheck = 1530;
				TargetAttributes = {
					95456B8E2BE2AC0900113B8A = {
						CreatedOnToolsVersion = 15.3;
						LastSwiftMigration = 1530;
					};
					95456B982BE2AC0A00113B8A = {
						CreatedOnToolsVersion = 15.3;
					};
				};
			};
			buildConfigurationList = 95456B892BE2AC0900113B8A /* Build configuration list for PBXProject "ArcadiaCore" */;
			compatibilityVersion = "Xcode 14.0";
			developmentRegion = en;
			hasScannedForEncodings = 0;
			knownRegions = (
				en,
				Base,
			);
			mainGroup = 95456B852BE2AC0900113B8A;
			productRefGroup = 95456B902BE2AC0900113B8A /* Products */;
			projectDirPath = "";
			projectRoot = "";
			targets = (
				95456B8E2BE2AC0900113B8A /* ArcadiaCore */,
				95456B982BE2AC0A00113B8A /* ArcadiaCoreTests */,
			);
		};
/* End PBXProject section */

/* Begin PBXResourcesBuildPhase section */
		95456B8D2BE2AC0900113B8A /* Resources */ = {
			isa = PBXResourcesBuildPhase;
			buildActionMask = 2147483647;
			files = (
			);
			runOnlyForDeploymentPostprocessing = 0;
		};
		95456B972BE2AC0A00113B8A /* Resources */ = {
			isa = PBXResourcesBuildPhase;
			buildActionMask = 2147483647;
			files = (
			);
			runOnlyForDeploymentPostprocessing = 0;
		};
/* End PBXResourcesBuildPhase section */

/* Begin PBXSourcesBuildPhase section */
		95456B8B2BE2AC0900113B8A /* Sources */ = {
			isa = PBXSourcesBuildPhase;
			buildActionMask = 2147483647;
			files = (
				95456B942BE2AC0900113B8A /* ArcadiaCore.docc in Sources */,
				956F841B2BF3BEEA0025FC5F /* ArcadiaAudioVideoInfoProtocol.swift in Sources */,
				956F841D2BF3BF020025FC5F /* ArcadiaGameInfoProtocol.swift in Sources */,
				955CC3862BF7F61600C930ED /* ArcadiaCoreMemoryType.swift in Sources */,
				955CC3802BF7E4C900C930ED /* ArcadiaCallbackType.swift in Sources */,
				956F84192BF3BECE0025FC5F /* ArcadiaSystemTimingProtocol.swift in Sources */,
				956F84142BF3392C0025FC5F /* ArcadiaCoreEmulationState.swift in Sources */,
				956F84172BF3BEB80025FC5F /* ArcadiaGameGeometryProtocol.swift in Sources */,
				956F84202BF3BF420025FC5F /* ArcadiaCorePixelType.swift in Sources */,
				956F84252BF3C01A0025FC5F /* ArcadiaAudioVideoInfo.swift in Sources */,
				95456C3D2BE2B4F100113B8A /* ArcadiaCoreProtocol.swift in Sources */,
				955CC37E2BF7E4AC00C930ED /* ArcadiaCoreOption.swift in Sources */,
				955CB0072BF53DD500C930ED /* libretro.cpp in Sources */,
				955CC3962BF916A600C930ED /* ArcadiaGameTypeProtocol.swift in Sources */,
				956F84222BF3BF5C0025FC5F /* ArcadiaCoreButton.swift in Sources */,
			);
			runOnlyForDeploymentPostprocessing = 0;
		};
		95456B952BE2AC0A00113B8A /* Sources */ = {
			isa = PBXSourcesBuildPhase;
			buildActionMask = 2147483647;
			files = (
				95456B9F2BE2AC0A00113B8A /* iRetroCoreTests.swift in Sources */,
			);
			runOnlyForDeploymentPostprocessing = 0;
		};
/* End PBXSourcesBuildPhase section */

/* Begin PBXTargetDependency section */
		95456B9C2BE2AC0A00113B8A /* PBXTargetDependency */ = {
			isa = PBXTargetDependency;
			target = 95456B8E2BE2AC0900113B8A /* ArcadiaCore */;
			targetProxy = 95456B9B2BE2AC0A00113B8A /* PBXContainerItemProxy */;
		};
/* End PBXTargetDependency section */

/* Begin XCBuildConfiguration section */
		95456BA12BE2AC0A00113B8A /* Debug */ = {
			isa = XCBuildConfiguration;
			buildSettings = {
				ALWAYS_SEARCH_USER_PATHS = NO;
				ASSETCATALOG_COMPILER_GENERATE_SWIFT_ASSET_SYMBOL_EXTENSIONS = YES;
				CLANG_ANALYZER_NONNULL = YES;
				CLANG_ANALYZER_NUMBER_OBJECT_CONVERSION = YES_AGGRESSIVE;
				CLANG_CXX_LANGUAGE_STANDARD = "gnu++20";
				CLANG_ENABLE_MODULES = YES;
				CLANG_ENABLE_OBJC_ARC = YES;
				CLANG_ENABLE_OBJC_WEAK = YES;
				CLANG_WARN_BLOCK_CAPTURE_AUTORELEASING = YES;
				CLANG_WARN_BOOL_CONVERSION = YES;
				CLANG_WARN_COMMA = YES;
				CLANG_WARN_CONSTANT_CONVERSION = YES;
				CLANG_WARN_DEPRECATED_OBJC_IMPLEMENTATIONS = YES;
				CLANG_WARN_DIRECT_OBJC_ISA_USAGE = YES_ERROR;
				CLANG_WARN_DOCUMENTATION_COMMENTS = YES;
				CLANG_WARN_EMPTY_BODY = YES;
				CLANG_WARN_ENUM_CONVERSION = YES;
				CLANG_WARN_INFINITE_RECURSION = YES;
				CLANG_WARN_INT_CONVERSION = YES;
				CLANG_WARN_NON_LITERAL_NULL_CONVERSION = YES;
				CLANG_WARN_OBJC_IMPLICIT_RETAIN_SELF = YES;
				CLANG_WARN_OBJC_LITERAL_CONVERSION = YES;
				CLANG_WARN_OBJC_ROOT_CLASS = YES_ERROR;
				CLANG_WARN_QUOTED_INCLUDE_IN_FRAMEWORK_HEADER = YES;
				CLANG_WARN_RANGE_LOOP_ANALYSIS = YES;
				CLANG_WARN_STRICT_PROTOTYPES = YES;
				CLANG_WARN_SUSPICIOUS_MOVE = YES;
				CLANG_WARN_UNGUARDED_AVAILABILITY = YES_AGGRESSIVE;
				CLANG_WARN_UNREACHABLE_CODE = YES;
				CLANG_WARN__DUPLICATE_METHOD_MATCH = YES;
				COPY_PHASE_STRIP = NO;
				CURRENT_PROJECT_VERSION = 1;
				DEBUG_INFORMATION_FORMAT = dwarf;
				ENABLE_STRICT_OBJC_MSGSEND = YES;
				ENABLE_TESTABILITY = YES;
				ENABLE_USER_SCRIPT_SANDBOXING = YES;
				GCC_C_LANGUAGE_STANDARD = gnu17;
				GCC_DYNAMIC_NO_PIC = NO;
				GCC_NO_COMMON_BLOCKS = YES;
				GCC_OPTIMIZATION_LEVEL = 0;
				GCC_PREPROCESSOR_DEFINITIONS = (
					"DEBUG=1",
					"$(inherited)",
				);
				GCC_WARN_64_TO_32_BIT_CONVERSION = YES;
				GCC_WARN_ABOUT_RETURN_TYPE = YES_ERROR;
				GCC_WARN_UNDECLARED_SELECTOR = YES;
				GCC_WARN_UNINITIALIZED_AUTOS = YES_AGGRESSIVE;
				GCC_WARN_UNUSED_FUNCTION = YES;
				GCC_WARN_UNUSED_VARIABLE = YES;
				LOCALIZATION_PREFERS_STRING_CATALOGS = YES;
				MTL_ENABLE_DEBUG_INFO = INCLUDE_SOURCE;
				MTL_FAST_MATH = YES;
				ONLY_ACTIVE_ARCH = YES;
				SWIFT_ACTIVE_COMPILATION_CONDITIONS = "DEBUG $(inherited)";
				SWIFT_OPTIMIZATION_LEVEL = "-Onone";
				VERSIONING_SYSTEM = "apple-generic";
				VERSION_INFO_PREFIX = "";
			};
			name = Debug;
		};
		95456BA22BE2AC0A00113B8A /* Release */ = {
			isa = XCBuildConfiguration;
			buildSettings = {
				ALWAYS_SEARCH_USER_PATHS = NO;
				ASSETCATALOG_COMPILER_GENERATE_SWIFT_ASSET_SYMBOL_EXTENSIONS = YES;
				CLANG_ANALYZER_NONNULL = YES;
				CLANG_ANALYZER_NUMBER_OBJECT_CONVERSION = YES_AGGRESSIVE;
				CLANG_CXX_LANGUAGE_STANDARD = "gnu++20";
				CLANG_ENABLE_MODULES = YES;
				CLANG_ENABLE_OBJC_ARC = YES;
				CLANG_ENABLE_OBJC_WEAK = YES;
				CLANG_WARN_BLOCK_CAPTURE_AUTORELEASING = YES;
				CLANG_WARN_BOOL_CONVERSION = YES;
				CLANG_WARN_COMMA = YES;
				CLANG_WARN_CONSTANT_CONVERSION = YES;
				CLANG_WARN_DEPRECATED_OBJC_IMPLEMENTATIONS = YES;
				CLANG_WARN_DIRECT_OBJC_ISA_USAGE = YES_ERROR;
				CLANG_WARN_DOCUMENTATION_COMMENTS = YES;
				CLANG_WARN_EMPTY_BODY = YES;
				CLANG_WARN_ENUM_CONVERSION = YES;
				CLANG_WARN_INFINITE_RECURSION = YES;
				CLANG_WARN_INT_CONVERSION = YES;
				CLANG_WARN_NON_LITERAL_NULL_CONVERSION = YES;
				CLANG_WARN_OBJC_IMPLICIT_RETAIN_SELF = YES;
				CLANG_WARN_OBJC_LITERAL_CONVERSION = YES;
				CLANG_WARN_OBJC_ROOT_CLASS = YES_ERROR;
				CLANG_WARN_QUOTED_INCLUDE_IN_FRAMEWORK_HEADER = YES;
				CLANG_WARN_RANGE_LOOP_ANALYSIS = YES;
				CLANG_WARN_STRICT_PROTOTYPES = YES;
				CLANG_WARN_SUSPICIOUS_MOVE = YES;
				CLANG_WARN_UNGUARDED_AVAILABILITY = YES_AGGRESSIVE;
				CLANG_WARN_UNREACHABLE_CODE = YES;
				CLANG_WARN__DUPLICATE_METHOD_MATCH = YES;
				COPY_PHASE_STRIP = NO;
				CURRENT_PROJECT_VERSION = 1;
				DEBUG_INFORMATION_FORMAT = "dwarf-with-dsym";
				ENABLE_NS_ASSERTIONS = NO;
				ENABLE_STRICT_OBJC_MSGSEND = YES;
				ENABLE_USER_SCRIPT_SANDBOXING = YES;
				GCC_C_LANGUAGE_STANDARD = gnu17;
				GCC_NO_COMMON_BLOCKS = YES;
				GCC_WARN_64_TO_32_BIT_CONVERSION = YES;
				GCC_WARN_ABOUT_RETURN_TYPE = YES_ERROR;
				GCC_WARN_UNDECLARED_SELECTOR = YES;
				GCC_WARN_UNINITIALIZED_AUTOS = YES_AGGRESSIVE;
				GCC_WARN_UNUSED_FUNCTION = YES;
				GCC_WARN_UNUSED_VARIABLE = YES;
				LOCALIZATION_PREFERS_STRING_CATALOGS = YES;
				MTL_ENABLE_DEBUG_INFO = NO;
				MTL_FAST_MATH = YES;
				SWIFT_COMPILATION_MODE = wholemodule;
				VERSIONING_SYSTEM = "apple-generic";
				VERSION_INFO_PREFIX = "";
			};
			name = Release;
		};
		95456BA42BE2AC0A00113B8A /* Debug */ = {
			isa = XCBuildConfiguration;
			buildSettings = {
				ALLOW_TARGET_PLATFORM_SPECIALIZATION = YES;
				BUILD_LIBRARY_FOR_DISTRIBUTION = YES;
				CLANG_ENABLE_MODULES = YES;
				CODE_SIGN_STYLE = Automatic;
				CURRENT_PROJECT_VERSION = 1;
				DEFINES_MODULE = YES;
				DEVELOPMENT_TEAM = 32DR4Q2NF7;
				DYLIB_COMPATIBILITY_VERSION = 1;
				DYLIB_CURRENT_VERSION = 1;
				DYLIB_INSTALL_NAME_BASE = "@rpath";
				ENABLE_MODULE_VERIFIER = YES;
				GENERATE_INFOPLIST_FILE = YES;
				INFOPLIST_KEY_NSHumanReadableCopyright = "";
				INSTALL_PATH = "$(LOCAL_LIBRARY_DIR)/Frameworks";
				IPHONEOS_DEPLOYMENT_TARGET = 17.0;
				LD_RUNPATH_SEARCH_PATHS = (
					"@executable_path/Frameworks",
					"@loader_path/Frameworks",
				);
				"LD_RUNPATH_SEARCH_PATHS[sdk=macosx*]" = (
					"@executable_path/../Frameworks",
					"@loader_path/Frameworks",
				);
				MACOSX_DEPLOYMENT_TARGET = 14.0;
				MARKETING_VERSION = 1.0;
				MODULE_VERIFIER_SUPPORTED_LANGUAGES = "objective-c objective-c++";
				MODULE_VERIFIER_SUPPORTED_LANGUAGE_STANDARDS = "gnu17 gnu++20";
				PRODUCT_BUNDLE_IDENTIFIER = com.davideandreoli.ArcadiaCore;
				PRODUCT_NAME = "$(TARGET_NAME:c99extidentifier)";
				SDKROOT = auto;
				SKIP_INSTALL = YES;
				SUPPORTED_PLATFORMS = "iphoneos iphonesimulator macosx";
				SWIFT_EMIT_LOC_STRINGS = YES;
				SWIFT_INSTALL_OBJC_HEADER = NO;
				SWIFT_OPTIMIZATION_LEVEL = "-Onone";
				SWIFT_VERSION = 5.0;
				TARGETED_DEVICE_FAMILY = "1,2";
			};
			name = Debug;
		};
		95456BA52BE2AC0A00113B8A /* Release */ = {
			isa = XCBuildConfiguration;
			buildSettings = {
				ALLOW_TARGET_PLATFORM_SPECIALIZATION = YES;
				BUILD_LIBRARY_FOR_DISTRIBUTION = YES;
				CLANG_ENABLE_MODULES = YES;
				CODE_SIGN_STYLE = Automatic;
				CURRENT_PROJECT_VERSION = 1;
				DEFINES_MODULE = YES;
				DEVELOPMENT_TEAM = 32DR4Q2NF7;
				DYLIB_COMPATIBILITY_VERSION = 1;
				DYLIB_CURRENT_VERSION = 1;
				DYLIB_INSTALL_NAME_BASE = "@rpath";
				ENABLE_MODULE_VERIFIER = YES;
				GENERATE_INFOPLIST_FILE = YES;
				INFOPLIST_KEY_NSHumanReadableCopyright = "";
				INSTALL_PATH = "$(LOCAL_LIBRARY_DIR)/Frameworks";
				IPHONEOS_DEPLOYMENT_TARGET = 17.0;
				LD_RUNPATH_SEARCH_PATHS = (
					"@executable_path/Frameworks",
					"@loader_path/Frameworks",
				);
				"LD_RUNPATH_SEARCH_PATHS[sdk=macosx*]" = (
					"@executable_path/../Frameworks",
					"@loader_path/Frameworks",
				);
				MACOSX_DEPLOYMENT_TARGET = 14.0;
				MARKETING_VERSION = 1.0;
				MODULE_VERIFIER_SUPPORTED_LANGUAGES = "objective-c objective-c++";
				MODULE_VERIFIER_SUPPORTED_LANGUAGE_STANDARDS = "gnu17 gnu++20";
				PRODUCT_BUNDLE_IDENTIFIER = com.davideandreoli.ArcadiaCore;
				PRODUCT_NAME = "$(TARGET_NAME:c99extidentifier)";
				SDKROOT = auto;
				SKIP_INSTALL = YES;
				SUPPORTED_PLATFORMS = "iphoneos iphonesimulator macosx";
				SWIFT_EMIT_LOC_STRINGS = YES;
				SWIFT_INSTALL_OBJC_HEADER = NO;
				SWIFT_VERSION = 5.0;
				TARGETED_DEVICE_FAMILY = "1,2";
			};
			name = Release;
		};
		95456BA72BE2AC0A00113B8A /* Debug */ = {
			isa = XCBuildConfiguration;
			buildSettings = {
				ALLOW_TARGET_PLATFORM_SPECIALIZATION = YES;
				ALWAYS_EMBED_SWIFT_STANDARD_LIBRARIES = YES;
				CODE_SIGN_STYLE = Automatic;
				CURRENT_PROJECT_VERSION = 1;
				DEVELOPMENT_TEAM = 32DR4Q2NF7;
				GENERATE_INFOPLIST_FILE = YES;
				IPHONEOS_DEPLOYMENT_TARGET = 17.4;
				MACOSX_DEPLOYMENT_TARGET = 14.0;
				MARKETING_VERSION = 1.0;
				PRODUCT_BUNDLE_IDENTIFIER = com.davideandreoli.iRetroCoreTests;
				PRODUCT_NAME = "$(TARGET_NAME)";
				SDKROOT = auto;
				SUPPORTED_PLATFORMS = "iphoneos iphonesimulator macosx";
				SWIFT_EMIT_LOC_STRINGS = NO;
				SWIFT_VERSION = 5.0;
				TARGETED_DEVICE_FAMILY = "1,2";
			};
			name = Debug;
		};
		95456BA82BE2AC0A00113B8A /* Release */ = {
			isa = XCBuildConfiguration;
			buildSettings = {
				ALLOW_TARGET_PLATFORM_SPECIALIZATION = YES;
				ALWAYS_EMBED_SWIFT_STANDARD_LIBRARIES = YES;
				CODE_SIGN_STYLE = Automatic;
				CURRENT_PROJECT_VERSION = 1;
				DEVELOPMENT_TEAM = 32DR4Q2NF7;
				GENERATE_INFOPLIST_FILE = YES;
				IPHONEOS_DEPLOYMENT_TARGET = 17.4;
				MACOSX_DEPLOYMENT_TARGET = 14.0;
				MARKETING_VERSION = 1.0;
				PRODUCT_BUNDLE_IDENTIFIER = com.davideandreoli.iRetroCoreTests;
				PRODUCT_NAME = "$(TARGET_NAME)";
				SDKROOT = auto;
				SUPPORTED_PLATFORMS = "iphoneos iphonesimulator macosx";
				SWIFT_EMIT_LOC_STRINGS = NO;
				SWIFT_VERSION = 5.0;
				TARGETED_DEVICE_FAMILY = "1,2";
			};
			name = Release;
		};
/* End XCBuildConfiguration section */

/* Begin XCConfigurationList section */
		95456B892BE2AC0900113B8A /* Build configuration list for PBXProject "ArcadiaCore" */ = {
			isa = XCConfigurationList;
			buildConfigurations = (
				95456BA12BE2AC0A00113B8A /* Debug */,
				95456BA22BE2AC0A00113B8A /* Release */,
			);
			defaultConfigurationIsVisible = 0;
			defaultConfigurationName = Release;
		};
		95456BA32BE2AC0A00113B8A /* Build configuration list for PBXNativeTarget "ArcadiaCore" */ = {
			isa = XCConfigurationList;
			buildConfigurations = (
				95456BA42BE2AC0A00113B8A /* Debug */,
				95456BA52BE2AC0A00113B8A /* Release */,
			);
			defaultConfigurationIsVisible = 0;
			defaultConfigurationName = Release;
		};
		95456BA62BE2AC0A00113B8A /* Build configuration list for PBXNativeTarget "ArcadiaCoreTests" */ = {
			isa = XCConfigurationList;
			buildConfigurations = (
				95456BA72BE2AC0A00113B8A /* Debug */,
				95456BA82BE2AC0A00113B8A /* Release */,
			);
			defaultConfigurationIsVisible = 0;
			defaultConfigurationName = Release;
		};
/* End XCConfigurationList section */
	};
	rootObject = 95456B862BE2AC0900113B8A /* Project object */;
}
